// !$*UTF8*$!
{
	archiveVersion = 1;
	classes = {
	};
	objectVersion = 50;
	objects = {

/* Begin PBXBuildFile section */
		CF21BF0C25CC347D0067745A /* AppDelegate.swift in Sources */ = {isa = PBXBuildFile; fileRef = CF21BF0B25CC347D0067745A /* AppDelegate.swift */; };
		CF21BF1525CC34800067745A /* Assets.xcassets in Resources */ = {isa = PBXBuildFile; fileRef = CF21BF1425CC34800067745A /* Assets.xcassets */; };
		CF21BF1825CC34800067745A /* LaunchScreen.storyboard in Resources */ = {isa = PBXBuildFile; fileRef = CF21BF1625CC34800067745A /* LaunchScreen.storyboard */; };
		CF21BF2325CC34800067745A /* fileManTests.swift in Sources */ = {isa = PBXBuildFile; fileRef = CF21BF2225CC34800067745A /* fileManTests.swift */; };
		CF21BF2E25CC34800067745A /* fileManUITests.swift in Sources */ = {isa = PBXBuildFile; fileRef = CF21BF2D25CC34800067745A /* fileManUITests.swift */; };
		CFE04ED725D13005000EA433 /* File.swift in Sources */ = {isa = PBXBuildFile; fileRef = CFE04ED625D13005000EA433 /* File.swift */; };
		CFE04EDF25D1301F000EA433 /* Directory.swift in Sources */ = {isa = PBXBuildFile; fileRef = CFE04EDE25D1301F000EA433 /* Directory.swift */; };
		CFE04EE425D13032000EA433 /* ImageNames.swift in Sources */ = {isa = PBXBuildFile; fileRef = CFE04EE325D13032000EA433 /* ImageNames.swift */; };
		CFE04EE925D1304C000EA433 /* ObjectType.swift in Sources */ = {isa = PBXBuildFile; fileRef = CFE04EE825D1304C000EA433 /* ObjectType.swift */; };
		CFE04EEE25D13064000EA433 /* DirectoryObject.swift in Sources */ = {isa = PBXBuildFile; fileRef = CFE04EED25D13064000EA433 /* DirectoryObject.swift */; };
		CFE04F0125D1384A000EA433 /* FileEditorViewController.swift in Sources */ = {isa = PBXBuildFile; fileRef = CFE04F0025D1384A000EA433 /* FileEditorViewController.swift */; };
		CFE04F0625D1385C000EA433 /* DirectoryViewController.swift in Sources */ = {isa = PBXBuildFile; fileRef = CFE04F0525D1385C000EA433 /* DirectoryViewController.swift */; };
		CFE04F0B25D13922000EA433 /* DirectoryViewController.xib in Resources */ = {isa = PBXBuildFile; fileRef = CFE04F0A25D13922000EA433 /* DirectoryViewController.xib */; };
		CFE04F1025D139B9000EA433 /* FileEditorViewController.xib in Resources */ = {isa = PBXBuildFile; fileRef = CFE04F0F25D139B9000EA433 /* FileEditorViewController.xib */; };
		CFE04F2025D14C78000EA433 /* UIViewController+Extension.swift in Sources */ = {isa = PBXBuildFile; fileRef = CFE04F1F25D14C78000EA433 /* UIViewController+Extension.swift */; };
		CFE04F2525D14CA3000EA433 /* Directory+Extension.swift in Sources */ = {isa = PBXBuildFile; fileRef = CFE04F2425D14CA3000EA433 /* Directory+Extension.swift */; };
		CFE04F2A25D14CCA000EA433 /* UITableViewCell+Extension.swift in Sources */ = {isa = PBXBuildFile; fileRef = CFE04F2925D14CCA000EA433 /* UITableViewCell+Extension.swift */; };
		CFEAAD9B25CC50C400179328 /* FileManagerService.swift in Sources */ = {isa = PBXBuildFile; fileRef = CFEAAD9A25CC50C400179328 /* FileManagerService.swift */; };
/* End PBXBuildFile section */

/* Begin PBXContainerItemProxy section */
		CF21BF1F25CC34800067745A /* PBXContainerItemProxy */ = {
			isa = PBXContainerItemProxy;
			containerPortal = CF21BF0025CC347C0067745A /* Project object */;
			proxyType = 1;
			remoteGlobalIDString = CF21BF0725CC347D0067745A;
			remoteInfo = fileMan;
		};
		CF21BF2A25CC34800067745A /* PBXContainerItemProxy */ = {
			isa = PBXContainerItemProxy;
			containerPortal = CF21BF0025CC347C0067745A /* Project object */;
			proxyType = 1;
			remoteGlobalIDString = CF21BF0725CC347D0067745A;
			remoteInfo = fileMan;
		};
/* End PBXContainerItemProxy section */

/* Begin PBXFileReference section */
		CF21BF0825CC347D0067745A /* fileMan.app */ = {isa = PBXFileReference; explicitFileType = wrapper.application; includeInIndex = 0; path = fileMan.app; sourceTree = BUILT_PRODUCTS_DIR; };
		CF21BF0B25CC347D0067745A /* AppDelegate.swift */ = {isa = PBXFileReference; lastKnownFileType = sourcecode.swift; path = AppDelegate.swift; sourceTree = "<group>"; };
		CF21BF1425CC34800067745A /* Assets.xcassets */ = {isa = PBXFileReference; lastKnownFileType = folder.assetcatalog; path = Assets.xcassets; sourceTree = "<group>"; };
		CF21BF1725CC34800067745A /* Base */ = {isa = PBXFileReference; lastKnownFileType = file.storyboard; name = Base; path = Base.lproj/LaunchScreen.storyboard; sourceTree = "<group>"; };
		CF21BF1925CC34800067745A /* Info.plist */ = {isa = PBXFileReference; lastKnownFileType = text.plist.xml; path = Info.plist; sourceTree = "<group>"; };
		CF21BF1E25CC34800067745A /* fileManTests.xctest */ = {isa = PBXFileReference; explicitFileType = wrapper.cfbundle; includeInIndex = 0; path = fileManTests.xctest; sourceTree = BUILT_PRODUCTS_DIR; };
		CF21BF2225CC34800067745A /* fileManTests.swift */ = {isa = PBXFileReference; lastKnownFileType = sourcecode.swift; path = fileManTests.swift; sourceTree = "<group>"; };
		CF21BF2425CC34800067745A /* Info.plist */ = {isa = PBXFileReference; lastKnownFileType = text.plist.xml; path = Info.plist; sourceTree = "<group>"; };
		CF21BF2925CC34800067745A /* fileManUITests.xctest */ = {isa = PBXFileReference; explicitFileType = wrapper.cfbundle; includeInIndex = 0; path = fileManUITests.xctest; sourceTree = BUILT_PRODUCTS_DIR; };
		CF21BF2D25CC34800067745A /* fileManUITests.swift */ = {isa = PBXFileReference; lastKnownFileType = sourcecode.swift; path = fileManUITests.swift; sourceTree = "<group>"; };
		CF21BF2F25CC34800067745A /* Info.plist */ = {isa = PBXFileReference; lastKnownFileType = text.plist.xml; path = Info.plist; sourceTree = "<group>"; };
		CFE04ED625D13005000EA433 /* File.swift */ = {isa = PBXFileReference; lastKnownFileType = sourcecode.swift; path = File.swift; sourceTree = "<group>"; };
		CFE04EDE25D1301F000EA433 /* Directory.swift */ = {isa = PBXFileReference; lastKnownFileType = sourcecode.swift; path = Directory.swift; sourceTree = "<group>"; };
		CFE04EE325D13032000EA433 /* ImageNames.swift */ = {isa = PBXFileReference; lastKnownFileType = sourcecode.swift; path = ImageNames.swift; sourceTree = "<group>"; };
		CFE04EE825D1304C000EA433 /* ObjectType.swift */ = {isa = PBXFileReference; lastKnownFileType = sourcecode.swift; path = ObjectType.swift; sourceTree = "<group>"; };
		CFE04EED25D13064000EA433 /* DirectoryObject.swift */ = {isa = PBXFileReference; lastKnownFileType = sourcecode.swift; path = DirectoryObject.swift; sourceTree = "<group>"; };
		CFE04F0025D1384A000EA433 /* FileEditorViewController.swift */ = {isa = PBXFileReference; lastKnownFileType = sourcecode.swift; path = FileEditorViewController.swift; sourceTree = "<group>"; };
		CFE04F0525D1385C000EA433 /* DirectoryViewController.swift */ = {isa = PBXFileReference; lastKnownFileType = sourcecode.swift; path = DirectoryViewController.swift; sourceTree = "<group>"; };
		CFE04F0A25D13922000EA433 /* DirectoryViewController.xib */ = {isa = PBXFileReference; lastKnownFileType = file.xib; path = DirectoryViewController.xib; sourceTree = "<group>"; };
		CFE04F0F25D139B9000EA433 /* FileEditorViewController.xib */ = {isa = PBXFileReference; lastKnownFileType = file.xib; path = FileEditorViewController.xib; sourceTree = "<group>"; };
		CFE04F1F25D14C78000EA433 /* UIViewController+Extension.swift */ = {isa = PBXFileReference; lastKnownFileType = sourcecode.swift; path = "UIViewController+Extension.swift"; sourceTree = "<group>"; };
		CFE04F2425D14CA3000EA433 /* Directory+Extension.swift */ = {isa = PBXFileReference; lastKnownFileType = sourcecode.swift; path = "Directory+Extension.swift"; sourceTree = "<group>"; };
		CFE04F2925D14CCA000EA433 /* UITableViewCell+Extension.swift */ = {isa = PBXFileReference; lastKnownFileType = sourcecode.swift; path = "UITableViewCell+Extension.swift"; sourceTree = "<group>"; };
		CFEAAD9A25CC50C400179328 /* FileManagerService.swift */ = {isa = PBXFileReference; lastKnownFileType = sourcecode.swift; path = FileManagerService.swift; sourceTree = "<group>"; };
/* End PBXFileReference section */

/* Begin PBXFrameworksBuildPhase section */
		CF21BF0525CC347D0067745A /* Frameworks */ = {
			isa = PBXFrameworksBuildPhase;
			buildActionMask = 2147483647;
			files = (
			);
			runOnlyForDeploymentPostprocessing = 0;
		};
		CF21BF1B25CC34800067745A /* Frameworks */ = {
			isa = PBXFrameworksBuildPhase;
			buildActionMask = 2147483647;
			files = (
			);
			runOnlyForDeploymentPostprocessing = 0;
		};
		CF21BF2625CC34800067745A /* Frameworks */ = {
			isa = PBXFrameworksBuildPhase;
			buildActionMask = 2147483647;
			files = (
			);
			runOnlyForDeploymentPostprocessing = 0;
		};
/* End PBXFrameworksBuildPhase section */

/* Begin PBXGroup section */
		CF21BEFF25CC347C0067745A = {
			isa = PBXGroup;
			children = (
				CF21BF0A25CC347D0067745A /* FileMan */,
				CF21BF2125CC34800067745A /* fileManTests */,
				CF21BF2C25CC34800067745A /* fileManUITests */,
				CF21BF0925CC347D0067745A /* Products */,
			);
			sourceTree = "<group>";
		};
		CF21BF0925CC347D0067745A /* Products */ = {
			isa = PBXGroup;
			children = (
				CF21BF0825CC347D0067745A /* fileMan.app */,
				CF21BF1E25CC34800067745A /* fileManTests.xctest */,
				CF21BF2925CC34800067745A /* fileManUITests.xctest */,
			);
			name = Products;
			sourceTree = "<group>";
		};
		CF21BF0A25CC347D0067745A /* FileMan */ = {
			isa = PBXGroup;
			children = (
				CF21BF0B25CC347D0067745A /* AppDelegate.swift */,
				CFE04EF725D136F7000EA433 /* View */,
				CFE04EF325D1322A000EA433 /* FileManagerService */,
				CFE04EF225D13215000EA433 /* Extensions */,
				CFE04ED525D12FD9000EA433 /* Models */,
				CF21BF1425CC34800067745A /* Assets.xcassets */,
				CF21BF1625CC34800067745A /* LaunchScreen.storyboard */,
				CF21BF1925CC34800067745A /* Info.plist */,
			);
			path = FileMan;
			sourceTree = "<group>";
		};
		CF21BF2125CC34800067745A /* fileManTests */ = {
			isa = PBXGroup;
			children = (
				CF21BF2225CC34800067745A /* fileManTests.swift */,
				CF21BF2425CC34800067745A /* Info.plist */,
			);
			path = fileManTests;
			sourceTree = "<group>";
		};
		CF21BF2C25CC34800067745A /* fileManUITests */ = {
			isa = PBXGroup;
			children = (
				CF21BF2D25CC34800067745A /* fileManUITests.swift */,
				CF21BF2F25CC34800067745A /* Info.plist */,
			);
			path = fileManUITests;
			sourceTree = "<group>";
		};
		CFE04ED525D12FD9000EA433 /* Models */ = {
			isa = PBXGroup;
			children = (
				CFE04ED625D13005000EA433 /* File.swift */,
				CFE04EDE25D1301F000EA433 /* Directory.swift */,
				CFE04EE325D13032000EA433 /* ImageNames.swift */,
				CFE04EE825D1304C000EA433 /* ObjectType.swift */,
				CFE04EED25D13064000EA433 /* DirectoryObject.swift */,
			);
			path = Models;
			sourceTree = "<group>";
		};
		CFE04EF225D13215000EA433 /* Extensions */ = {
			isa = PBXGroup;
			children = (
				CFE04F1F25D14C78000EA433 /* UIViewController+Extension.swift */,
				CFE04F2425D14CA3000EA433 /* Directory+Extension.swift */,
				CFE04F2925D14CCA000EA433 /* UITableViewCell+Extension.swift */,
			);
			path = Extensions;
			sourceTree = "<group>";
		};
		CFE04EF325D1322A000EA433 /* FileManagerService */ = {
			isa = PBXGroup;
			children = (
				CFEAAD9A25CC50C400179328 /* FileManagerService.swift */,
			);
			path = FileManagerService;
			sourceTree = "<group>";
		};
		CFE04EF725D136F7000EA433 /* View */ = {
			isa = PBXGroup;
			children = (
				CFE04EFC25D1377E000EA433 /* DirectoryViewController */,
				CFE04EFB25D13773000EA433 /* FileEditorViewController */,
			);
			path = View;
			sourceTree = "<group>";
		};
		CFE04EFB25D13773000EA433 /* FileEditorViewController */ = {
			isa = PBXGroup;
			children = (
				CFE04F0025D1384A000EA433 /* FileEditorViewController.swift */,
				CFE04F0F25D139B9000EA433 /* FileEditorViewController.xib */,
			);
			path = FileEditorViewController;
			sourceTree = "<group>";
		};
		CFE04EFC25D1377E000EA433 /* DirectoryViewController */ = {
			isa = PBXGroup;
			children = (
				CFE04F0525D1385C000EA433 /* DirectoryViewController.swift */,
				CFE04F0A25D13922000EA433 /* DirectoryViewController.xib */,
			);
			path = DirectoryViewController;
			sourceTree = "<group>";
		};
/* End PBXGroup section */

/* Begin PBXNativeTarget section */
		CF21BF0725CC347D0067745A /* fileMan */ = {
			isa = PBXNativeTarget;
			buildConfigurationList = CF21BF3225CC34800067745A /* Build configuration list for PBXNativeTarget "fileMan" */;
			buildPhases = (
				CF21BF0425CC347D0067745A /* Sources */,
				CF21BF0525CC347D0067745A /* Frameworks */,
				CF21BF0625CC347D0067745A /* Resources */,
			);
			buildRules = (
			);
			dependencies = (
			);
			name = fileMan;
			productName = fileMan;
			productReference = CF21BF0825CC347D0067745A /* fileMan.app */;
			productType = "com.apple.product-type.application";
		};
		CF21BF1D25CC34800067745A /* fileManTests */ = {
			isa = PBXNativeTarget;
			buildConfigurationList = CF21BF3525CC34800067745A /* Build configuration list for PBXNativeTarget "fileManTests" */;
			buildPhases = (
				CF21BF1A25CC34800067745A /* Sources */,
				CF21BF1B25CC34800067745A /* Frameworks */,
				CF21BF1C25CC34800067745A /* Resources */,
			);
			buildRules = (
			);
			dependencies = (
				CF21BF2025CC34800067745A /* PBXTargetDependency */,
			);
			name = fileManTests;
			productName = fileManTests;
			productReference = CF21BF1E25CC34800067745A /* fileManTests.xctest */;
			productType = "com.apple.product-type.bundle.unit-test";
		};
		CF21BF2825CC34800067745A /* fileManUITests */ = {
			isa = PBXNativeTarget;
			buildConfigurationList = CF21BF3825CC34800067745A /* Build configuration list for PBXNativeTarget "fileManUITests" */;
			buildPhases = (
				CF21BF2525CC34800067745A /* Sources */,
				CF21BF2625CC34800067745A /* Frameworks */,
				CF21BF2725CC34800067745A /* Resources */,
			);
			buildRules = (
			);
			dependencies = (
				CF21BF2B25CC34800067745A /* PBXTargetDependency */,
			);
			name = fileManUITests;
			productName = fileManUITests;
			productReference = CF21BF2925CC34800067745A /* fileManUITests.xctest */;
			productType = "com.apple.product-type.bundle.ui-testing";
		};
/* End PBXNativeTarget section */

/* Begin PBXProject section */
		CF21BF0025CC347C0067745A /* Project object */ = {
			isa = PBXProject;
			attributes = {
				LastSwiftUpdateCheck = 1240;
				LastUpgradeCheck = 1240;
				TargetAttributes = {
					CF21BF0725CC347D0067745A = {
						CreatedOnToolsVersion = 12.4;
					};
					CF21BF1D25CC34800067745A = {
						CreatedOnToolsVersion = 12.4;
						TestTargetID = CF21BF0725CC347D0067745A;
					};
					CF21BF2825CC34800067745A = {
						CreatedOnToolsVersion = 12.4;
						TestTargetID = CF21BF0725CC347D0067745A;
					};
				};
			};
			buildConfigurationList = CF21BF0325CC347C0067745A /* Build configuration list for PBXProject "fileMan" */;
			compatibilityVersion = "Xcode 9.3";
			developmentRegion = en;
			hasScannedForEncodings = 0;
			knownRegions = (
				en,
				Base,
			);
			mainGroup = CF21BEFF25CC347C0067745A;
			productRefGroup = CF21BF0925CC347D0067745A /* Products */;
			projectDirPath = "";
			projectRoot = "";
			targets = (
				CF21BF0725CC347D0067745A /* fileMan */,
				CF21BF1D25CC34800067745A /* fileManTests */,
				CF21BF2825CC34800067745A /* fileManUITests */,
			);
		};
/* End PBXProject section */

/* Begin PBXResourcesBuildPhase section */
		CF21BF0625CC347D0067745A /* Resources */ = {
			isa = PBXResourcesBuildPhase;
			buildActionMask = 2147483647;
			files = (
				CF21BF1825CC34800067745A /* LaunchScreen.storyboard in Resources */,
				CF21BF1525CC34800067745A /* Assets.xcassets in Resources */,
				CFE04F0B25D13922000EA433 /* DirectoryViewController.xib in Resources */,
				CFE04F1025D139B9000EA433 /* FileEditorViewController.xib in Resources */,
			);
			runOnlyForDeploymentPostprocessing = 0;
		};
		CF21BF1C25CC34800067745A /* Resources */ = {
			isa = PBXResourcesBuildPhase;
			buildActionMask = 2147483647;
			files = (
			);
			runOnlyForDeploymentPostprocessing = 0;
		};
		CF21BF2725CC34800067745A /* Resources */ = {
			isa = PBXResourcesBuildPhase;
			buildActionMask = 2147483647;
			files = (
			);
			runOnlyForDeploymentPostprocessing = 0;
		};
/* End PBXResourcesBuildPhase section */

/* Begin PBXSourcesBuildPhase section */
		CF21BF0425CC347D0067745A /* Sources */ = {
			isa = PBXSourcesBuildPhase;
			buildActionMask = 2147483647;
			files = (
				CFE04EEE25D13064000EA433 /* DirectoryObject.swift in Sources */,
				CFE04F2025D14C78000EA433 /* UIViewController+Extension.swift in Sources */,
				CFE04ED725D13005000EA433 /* File.swift in Sources */,
				CFE04F2A25D14CCA000EA433 /* UITableViewCell+Extension.swift in Sources */,
				CFE04EE425D13032000EA433 /* ImageNames.swift in Sources */,
				CF21BF0C25CC347D0067745A /* AppDelegate.swift in Sources */,
				CFE04F2525D14CA3000EA433 /* Directory+Extension.swift in Sources */,
				CFE04F0625D1385C000EA433 /* DirectoryViewController.swift in Sources */,
				CFE04EE925D1304C000EA433 /* ObjectType.swift in Sources */,
				CFEAAD9B25CC50C400179328 /* FileManagerService.swift in Sources */,
				CFE04F0125D1384A000EA433 /* FileEditorViewController.swift in Sources */,
				CFE04EDF25D1301F000EA433 /* Directory.swift in Sources */,
			);
			runOnlyForDeploymentPostprocessing = 0;
		};
		CF21BF1A25CC34800067745A /* Sources */ = {
			isa = PBXSourcesBuildPhase;
			buildActionMask = 2147483647;
			files = (
				CF21BF2325CC34800067745A /* fileManTests.swift in Sources */,
			);
			runOnlyForDeploymentPostprocessing = 0;
		};
		CF21BF2525CC34800067745A /* Sources */ = {
			isa = PBXSourcesBuildPhase;
			buildActionMask = 2147483647;
			files = (
				CF21BF2E25CC34800067745A /* fileManUITests.swift in Sources */,
			);
			runOnlyForDeploymentPostprocessing = 0;
		};
/* End PBXSourcesBuildPhase section */

/* Begin PBXTargetDependency section */
		CF21BF2025CC34800067745A /* PBXTargetDependency */ = {
			isa = PBXTargetDependency;
			target = CF21BF0725CC347D0067745A /* fileMan */;
			targetProxy = CF21BF1F25CC34800067745A /* PBXContainerItemProxy */;
		};
		CF21BF2B25CC34800067745A /* PBXTargetDependency */ = {
			isa = PBXTargetDependency;
			target = CF21BF0725CC347D0067745A /* fileMan */;
			targetProxy = CF21BF2A25CC34800067745A /* PBXContainerItemProxy */;
		};
/* End PBXTargetDependency section */

/* Begin PBXVariantGroup section */
		CF21BF1625CC34800067745A /* LaunchScreen.storyboard */ = {
			isa = PBXVariantGroup;
			children = (
				CF21BF1725CC34800067745A /* Base */,
			);
			name = LaunchScreen.storyboard;
			sourceTree = "<group>";
		};
/* End PBXVariantGroup section */

/* Begin XCBuildConfiguration section */
		CF21BF3025CC34800067745A /* Debug */ = {
			isa = XCBuildConfiguration;
			buildSettings = {
				ALWAYS_SEARCH_USER_PATHS = NO;
				CLANG_ANALYZER_NONNULL = YES;
				CLANG_ANALYZER_NUMBER_OBJECT_CONVERSION = YES_AGGRESSIVE;
				CLANG_CXX_LANGUAGE_STANDARD = "gnu++14";
				CLANG_CXX_LIBRARY = "libc++";
				CLANG_ENABLE_MODULES = YES;
				CLANG_ENABLE_OBJC_ARC = YES;
				CLANG_ENABLE_OBJC_WEAK = YES;
				CLANG_WARN_BLOCK_CAPTURE_AUTORELEASING = YES;
				CLANG_WARN_BOOL_CONVERSION = YES;
				CLANG_WARN_COMMA = YES;
				CLANG_WARN_CONSTANT_CONVERSION = YES;
				CLANG_WARN_DEPRECATED_OBJC_IMPLEMENTATIONS = YES;
				CLANG_WARN_DIRECT_OBJC_ISA_USAGE = YES_ERROR;
				CLANG_WARN_DOCUMENTATION_COMMENTS = YES;
				CLANG_WARN_EMPTY_BODY = YES;
				CLANG_WARN_ENUM_CONVERSION = YES;
				CLANG_WARN_INFINITE_RECURSION = YES;
				CLANG_WARN_INT_CONVERSION = YES;
				CLANG_WARN_NON_LITERAL_NULL_CONVERSION = YES;
				CLANG_WARN_OBJC_IMPLICIT_RETAIN_SELF = YES;
				CLANG_WARN_OBJC_LITERAL_CONVERSION = YES;
				CLANG_WARN_OBJC_ROOT_CLASS = YES_ERROR;
				CLANG_WARN_QUOTED_INCLUDE_IN_FRAMEWORK_HEADER = YES;
				CLANG_WARN_RANGE_LOOP_ANALYSIS = YES;
				CLANG_WARN_STRICT_PROTOTYPES = YES;
				CLANG_WARN_SUSPICIOUS_MOVE = YES;
				CLANG_WARN_UNGUARDED_AVAILABILITY = YES_AGGRESSIVE;
				CLANG_WARN_UNREACHABLE_CODE = YES;
				CLANG_WARN__DUPLICATE_METHOD_MATCH = YES;
				COPY_PHASE_STRIP = NO;
				DEBUG_INFORMATION_FORMAT = dwarf;
				ENABLE_STRICT_OBJC_MSGSEND = YES;
				ENABLE_TESTABILITY = YES;
				GCC_C_LANGUAGE_STANDARD = gnu11;
				GCC_DYNAMIC_NO_PIC = NO;
				GCC_NO_COMMON_BLOCKS = YES;
				GCC_OPTIMIZATION_LEVEL = 0;
				GCC_PREPROCESSOR_DEFINITIONS = (
					"DEBUG=1",
					"$(inherited)",
				);
				GCC_WARN_64_TO_32_BIT_CONVERSION = YES;
				GCC_WARN_ABOUT_RETURN_TYPE = YES_ERROR;
				GCC_WARN_UNDECLARED_SELECTOR = YES;
				GCC_WARN_UNINITIALIZED_AUTOS = YES_AGGRESSIVE;
				GCC_WARN_UNUSED_FUNCTION = YES;
				GCC_WARN_UNUSED_VARIABLE = YES;
				IPHONEOS_DEPLOYMENT_TARGET = 14.4;
				MTL_ENABLE_DEBUG_INFO = INCLUDE_SOURCE;
				MTL_FAST_MATH = YES;
				ONLY_ACTIVE_ARCH = YES;
				SDKROOT = iphoneos;
				SWIFT_ACTIVE_COMPILATION_CONDITIONS = DEBUG;
				SWIFT_OPTIMIZATION_LEVEL = "-Onone";
			};
			name = Debug;
		};
		CF21BF3125CC34800067745A /* Release */ = {
			isa = XCBuildConfiguration;
			buildSettings = {
				ALWAYS_SEARCH_USER_PATHS = NO;
				CLANG_ANALYZER_NONNULL = YES;
				CLANG_ANALYZER_NUMBER_OBJECT_CONVERSION = YES_AGGRESSIVE;
				CLANG_CXX_LANGUAGE_STANDARD = "gnu++14";
				CLANG_CXX_LIBRARY = "libc++";
				CLANG_ENABLE_MODULES = YES;
				CLANG_ENABLE_OBJC_ARC = YES;
				CLANG_ENABLE_OBJC_WEAK = YES;
				CLANG_WARN_BLOCK_CAPTURE_AUTORELEASING = YES;
				CLANG_WARN_BOOL_CONVERSION = YES;
				CLANG_WARN_COMMA = YES;
				CLANG_WARN_CONSTANT_CONVERSION = YES;
				CLANG_WARN_DEPRECATED_OBJC_IMPLEMENTATIONS = YES;
				CLANG_WARN_DIRECT_OBJC_ISA_USAGE = YES_ERROR;
				CLANG_WARN_DOCUMENTATION_COMMENTS = YES;
				CLANG_WARN_EMPTY_BODY = YES;
				CLANG_WARN_ENUM_CONVERSION = YES;
				CLANG_WARN_INFINITE_RECURSION = YES;
				CLANG_WARN_INT_CONVERSION = YES;
				CLANG_WARN_NON_LITERAL_NULL_CONVERSION = YES;
				CLANG_WARN_OBJC_IMPLICIT_RETAIN_SELF = YES;
				CLANG_WARN_OBJC_LITERAL_CONVERSION = YES;
				CLANG_WARN_OBJC_ROOT_CLASS = YES_ERROR;
				CLANG_WARN_QUOTED_INCLUDE_IN_FRAMEWORK_HEADER = YES;
				CLANG_WARN_RANGE_LOOP_ANALYSIS = YES;
				CLANG_WARN_STRICT_PROTOTYPES = YES;
				CLANG_WARN_SUSPICIOUS_MOVE = YES;
				CLANG_WARN_UNGUARDED_AVAILABILITY = YES_AGGRESSIVE;
				CLANG_WARN_UNREACHABLE_CODE = YES;
				CLANG_WARN__DUPLICATE_METHOD_MATCH = YES;
				COPY_PHASE_STRIP = NO;
				DEBUG_INFORMATION_FORMAT = "dwarf-with-dsym";
				ENABLE_NS_ASSERTIONS = NO;
				ENABLE_STRICT_OBJC_MSGSEND = YES;
				GCC_C_LANGUAGE_STANDARD = gnu11;
				GCC_NO_COMMON_BLOCKS = YES;
				GCC_WARN_64_TO_32_BIT_CONVERSION = YES;
				GCC_WARN_ABOUT_RETURN_TYPE = YES_ERROR;
				GCC_WARN_UNDECLARED_SELECTOR = YES;
				GCC_WARN_UNINITIALIZED_AUTOS = YES_AGGRESSIVE;
				GCC_WARN_UNUSED_FUNCTION = YES;
				GCC_WARN_UNUSED_VARIABLE = YES;
				IPHONEOS_DEPLOYMENT_TARGET = 14.4;
				MTL_ENABLE_DEBUG_INFO = NO;
				MTL_FAST_MATH = YES;
				SDKROOT = iphoneos;
				SWIFT_COMPILATION_MODE = wholemodule;
				SWIFT_OPTIMIZATION_LEVEL = "-O";
				VALIDATE_PRODUCT = YES;
			};
			name = Release;
		};
		CF21BF3325CC34800067745A /* Debug */ = {
			isa = XCBuildConfiguration;
			buildSettings = {
				ASSETCATALOG_COMPILER_APPICON_NAME = AppIcon;
				ASSETCATALOG_COMPILER_GLOBAL_ACCENT_COLOR_NAME = AccentColor;
				CODE_SIGN_STYLE = Automatic;
				INFOPLIST_FILE = fileMan/Info.plist;
				LD_RUNPATH_SEARCH_PATHS = (
					"$(inherited)",
					"@executable_path/Frameworks",
				);
				PRODUCT_BUNDLE_IDENTIFIER = e.lipilin.fileMan;
				PRODUCT_NAME = "$(TARGET_NAME)";
				SWIFT_VERSION = 5.0;
				TARGETED_DEVICE_FAMILY = "1,2";
			};
			name = Debug;
		};
		CF21BF3425CC34800067745A /* Release */ = {
			isa = XCBuildConfiguration;
			buildSettings = {
				ASSETCATALOG_COMPILER_APPICON_NAME = AppIcon;
				ASSETCATALOG_COMPILER_GLOBAL_ACCENT_COLOR_NAME = AccentColor;
				CODE_SIGN_STYLE = Automatic;
				INFOPLIST_FILE = fileMan/Info.plist;
				LD_RUNPATH_SEARCH_PATHS = (
					"$(inherited)",
					"@executable_path/Frameworks",
				);
				PRODUCT_BUNDLE_IDENTIFIER = e.lipilin.fileMan;
				PRODUCT_NAME = "$(TARGET_NAME)";
				SWIFT_VERSION = 5.0;
				TARGETED_DEVICE_FAMILY = "1,2";
			};
			name = Release;
		};
		CF21BF3625CC34800067745A /* Debug */ = {
			isa = XCBuildConfiguration;
			buildSettings = {
				ALWAYS_EMBED_SWIFT_STANDARD_LIBRARIES = YES;
				BUNDLE_LOADER = "$(TEST_HOST)";
				CODE_SIGN_STYLE = Automatic;
				INFOPLIST_FILE = fileManTests/Info.plist;
				IPHONEOS_DEPLOYMENT_TARGET = 14.4;
				LD_RUNPATH_SEARCH_PATHS = (
					"$(inherited)",
					"@executable_path/Frameworks",
					"@loader_path/Frameworks",
				);
				PRODUCT_BUNDLE_IDENTIFIER = e.lipilin.fileManTests;
				PRODUCT_NAME = "$(TARGET_NAME)";
				SWIFT_VERSION = 5.0;
				TARGETED_DEVICE_FAMILY = "1,2";
				TEST_HOST = "$(BUILT_PRODUCTS_DIR)/fileMan.app/fileMan";
			};
			name = Debug;
		};
		CF21BF3725CC34800067745A /* Release */ = {
			isa = XCBuildConfiguration;
			buildSettings = {
				ALWAYS_EMBED_SWIFT_STANDARD_LIBRARIES = YES;
				BUNDLE_LOADER = "$(TEST_HOST)";
				CODE_SIGN_STYLE = Automatic;
				INFOPLIST_FILE = fileManTests/Info.plist;
				IPHONEOS_DEPLOYMENT_TARGET = 14.4;
				LD_RUNPATH_SEARCH_PATHS = (
					"$(inherited)",
					"@executable_path/Frameworks",
					"@loader_path/Frameworks",
				);
				PRODUCT_BUNDLE_IDENTIFIER = e.lipilin.fileManTests;
				PRODUCT_NAME = "$(TARGET_NAME)";
				SWIFT_VERSION = 5.0;
				TARGETED_DEVICE_FAMILY = "1,2";
				TEST_HOST = "$(BUILT_PRODUCTS_DIR)/fileMan.app/fileMan";
			};
			name = Release;
		};
		CF21BF3925CC34800067745A /* Debug */ = {
			isa = XCBuildConfiguration;
			buildSettings = {
				ALWAYS_EMBED_SWIFT_STANDARD_LIBRARIES = YES;
				CODE_SIGN_STYLE = Automatic;
				INFOPLIST_FILE = fileManUITests/Info.plist;
				LD_RUNPATH_SEARCH_PATHS = (
					"$(inherited)",
					"@executable_path/Frameworks",
					"@loader_path/Frameworks",
				);
				PRODUCT_BUNDLE_IDENTIFIER = e.lipilin.fileManUITests;
				PRODUCT_NAME = "$(TARGET_NAME)";
				SWIFT_VERSION = 5.0;
				TARGETED_DEVICE_FAMILY = "1,2";
				TEST_TARGET_NAME = fileMan;
			};
			name = Debug;
		};
		CF21BF3A25CC34800067745A /* Release */ = {
			isa = XCBuildConfiguration;
			buildSettings = {
				ALWAYS_EMBED_SWIFT_STANDARD_LIBRARIES = YES;
				CODE_SIGN_STYLE = Automatic;
				INFOPLIST_FILE = fileManUITests/Info.plist;
				LD_RUNPATH_SEARCH_PATHS = (
					"$(inherited)",
					"@executable_path/Frameworks",
					"@loader_path/Frameworks",
				);
				PRODUCT_BUNDLE_IDENTIFIER = e.lipilin.fileManUITests;
				PRODUCT_NAME = "$(TARGET_NAME)";
				SWIFT_VERSION = 5.0;
				TARGETED_DEVICE_FAMILY = "1,2";
				TEST_TARGET_NAME = fileMan;
			};
			name = Release;
		};
/* End XCBuildConfiguration section */

/* Begin XCConfigurationList section */
		CF21BF0325CC347C0067745A /* Build configuration list for PBXProject "fileMan" */ = {
			isa = XCConfigurationList;
			buildConfigurations = (
				CF21BF3025CC34800067745A /* Debug */,
				CF21BF3125CC34800067745A /* Release */,
			);
			defaultConfigurationIsVisible = 0;
			defaultConfigurationName = Release;
		};
		CF21BF3225CC34800067745A /* Build configuration list for PBXNativeTarget "fileMan" */ = {
			isa = XCConfigurationList;
			buildConfigurations = (
				CF21BF3325CC34800067745A /* Debug */,
				CF21BF3425CC34800067745A /* Release */,
			);
			defaultConfigurationIsVisible = 0;
			defaultConfigurationName = Release;
		};
		CF21BF3525CC34800067745A /* Build configuration list for PBXNativeTarget "fileManTests" */ = {
			isa = XCConfigurationList;
			buildConfigurations = (
				CF21BF3625CC34800067745A /* Debug */,
				CF21BF3725CC34800067745A /* Release */,
			);
			defaultConfigurationIsVisible = 0;
			defaultConfigurationName = Release;
		};
		CF21BF3825CC34800067745A /* Build configuration list for PBXNativeTarget "fileManUITests" */ = {
			isa = XCConfigurationList;
			buildConfigurations = (
				CF21BF3925CC34800067745A /* Debug */,
				CF21BF3A25CC34800067745A /* Release */,
			);
			defaultConfigurationIsVisible = 0;
			defaultConfigurationName = Release;
		};
/* End XCConfigurationList section */
	};
	rootObject = CF21BF0025CC347C0067745A /* Project object */;
}
